// !$*UTF8*$!
{
	archiveVersion = 1;
	classes = {
	};
	objectVersion = 50;
	objects = {

/* Begin PBXBuildFile section */
		EA20319B25E8B0020067EB5D /* AppDelegate.m in Sources */ = {isa = PBXBuildFile; fileRef = EA20319A25E8B0020067EB5D /* AppDelegate.m */; };
		EA20319E25E8B0020067EB5D /* SceneDelegate.m in Sources */ = {isa = PBXBuildFile; fileRef = EA20319D25E8B0020067EB5D /* SceneDelegate.m */; };
		EA2031A425E8B0020067EB5D /* Main.storyboard in Resources */ = {isa = PBXBuildFile; fileRef = EA2031A225E8B0020067EB5D /* Main.storyboard */; };
		EA2031A625E8B0030067EB5D /* Assets.xcassets in Resources */ = {isa = PBXBuildFile; fileRef = EA2031A525E8B0030067EB5D /* Assets.xcassets */; };
		EA2031A925E8B0030067EB5D /* LaunchScreen.storyboard in Resources */ = {isa = PBXBuildFile; fileRef = EA2031A725E8B0030067EB5D /* LaunchScreen.storyboard */; };
		EA2031AC25E8B0030067EB5D /* main.m in Sources */ = {isa = PBXBuildFile; fileRef = EA2031AB25E8B0030067EB5D /* main.m */; };
		EA2031B525E8CBF30067EB5D /* ToDoViewController.m in Sources */ = {isa = PBXBuildFile; fileRef = EA2031B425E8CBF30067EB5D /* ToDoViewController.m */; };
		EA2031B925E8CC080067EB5D /* InProgressViewController.m in Sources */ = {isa = PBXBuildFile; fileRef = EA2031B825E8CC080067EB5D /* InProgressViewController.m */; };
		EA2031BD25E8CC130067EB5D /* DoneViewController.m in Sources */ = {isa = PBXBuildFile; fileRef = EA2031BC25E8CC130067EB5D /* DoneViewController.m */; };
		EA2031C225E8E4BB0067EB5D /* CustomCellTableViewCell.m in Sources */ = {isa = PBXBuildFile; fileRef = EA2031C125E8E4BB0067EB5D /* CustomCellTableViewCell.m */; };
		EA2031C625E8F2E90067EB5D /* AddViewController.m in Sources */ = {isa = PBXBuildFile; fileRef = EA2031C525E8F2E90067EB5D /* AddViewController.m */; };
		EA2E707B25EC967D00765F9A /* DetailsOfCellViewController.m in Sources */ = {isa = PBXBuildFile; fileRef = EA2E707A25EC967D00765F9A /* DetailsOfCellViewController.m */; };
		EA2E707F25EC9A1500765F9A /* EditCellViewController.m in Sources */ = {isa = PBXBuildFile; fileRef = EA2E707E25EC9A1500765F9A /* EditCellViewController.m */; };
		EA90C8EA25F328B0009E16C8 /* TabBarViewController.m in Sources */ = {isa = PBXBuildFile; fileRef = EA90C8E925F328B0009E16C8 /* TabBarViewController.m */; };
		EA9675F325EA335100FE3AB4 /* ReminderViewController.m in Sources */ = {isa = PBXBuildFile; fileRef = EA9675F225EA335100FE3AB4 /* ReminderViewController.m */; };
/* End PBXBuildFile section */

/* Begin PBXFileReference section */
		EA20319625E8B0020067EB5D /* ToDo List App.app */ = {isa = PBXFileReference; explicitFileType = wrapper.application; includeInIndex = 0; path = "ToDo List App.app"; sourceTree = BUILT_PRODUCTS_DIR; };
		EA20319925E8B0020067EB5D /* AppDelegate.h */ = {isa = PBXFileReference; lastKnownFileType = sourcecode.c.h; path = AppDelegate.h; sourceTree = "<group>"; };
		EA20319A25E8B0020067EB5D /* AppDelegate.m */ = {isa = PBXFileReference; lastKnownFileType = sourcecode.c.objc; path = AppDelegate.m; sourceTree = "<group>"; };
		EA20319C25E8B0020067EB5D /* SceneDelegate.h */ = {isa = PBXFileReference; lastKnownFileType = sourcecode.c.h; path = SceneDelegate.h; sourceTree = "<group>"; };
		EA20319D25E8B0020067EB5D /* SceneDelegate.m */ = {isa = PBXFileReference; lastKnownFileType = sourcecode.c.objc; path = SceneDelegate.m; sourceTree = "<group>"; };
		EA2031A325E8B0020067EB5D /* Base */ = {isa = PBXFileReference; lastKnownFileType = file.storyboard; name = Base; path = Base.lproj/Main.storyboard; sourceTree = "<group>"; };
		EA2031A525E8B0030067EB5D /* Assets.xcassets */ = {isa = PBXFileReference; lastKnownFileType = folder.assetcatalog; path = Assets.xcassets; sourceTree = "<group>"; };
		EA2031A825E8B0030067EB5D /* Base */ = {isa = PBXFileReference; lastKnownFileType = file.storyboard; name = Base; path = Base.lproj/LaunchScreen.storyboard; sourceTree = "<group>"; };
		EA2031AA25E8B0030067EB5D /* Info.plist */ = {isa = PBXFileReference; lastKnownFileType = text.plist.xml; path = Info.plist; sourceTree = "<group>"; };
		EA2031AB25E8B0030067EB5D /* main.m */ = {isa = PBXFileReference; lastKnownFileType = sourcecode.c.objc; path = main.m; sourceTree = "<group>"; };
		EA2031B325E8CBF30067EB5D /* ToDoViewController.h */ = {isa = PBXFileReference; lastKnownFileType = sourcecode.c.h; path = ToDoViewController.h; sourceTree = "<group>"; };
		EA2031B425E8CBF30067EB5D /* ToDoViewController.m */ = {isa = PBXFileReference; lastKnownFileType = sourcecode.c.objc; path = ToDoViewController.m; sourceTree = "<group>"; };
		EA2031B725E8CC080067EB5D /* InProgressViewController.h */ = {isa = PBXFileReference; lastKnownFileType = sourcecode.c.h; path = InProgressViewController.h; sourceTree = "<group>"; };
		EA2031B825E8CC080067EB5D /* InProgressViewController.m */ = {isa = PBXFileReference; lastKnownFileType = sourcecode.c.objc; path = InProgressViewController.m; sourceTree = "<group>"; };
		EA2031BB25E8CC130067EB5D /* DoneViewController.h */ = {isa = PBXFileReference; lastKnownFileType = sourcecode.c.h; path = DoneViewController.h; sourceTree = "<group>"; };
		EA2031BC25E8CC130067EB5D /* DoneViewController.m */ = {isa = PBXFileReference; lastKnownFileType = sourcecode.c.objc; path = DoneViewController.m; sourceTree = "<group>"; };
		EA2031C025E8E4BB0067EB5D /* CustomCellTableViewCell.h */ = {isa = PBXFileReference; lastKnownFileType = sourcecode.c.h; path = CustomCellTableViewCell.h; sourceTree = "<group>"; };
		EA2031C125E8E4BB0067EB5D /* CustomCellTableViewCell.m */ = {isa = PBXFileReference; lastKnownFileType = sourcecode.c.objc; path = CustomCellTableViewCell.m; sourceTree = "<group>"; };
		EA2031C425E8F2E90067EB5D /* AddViewController.h */ = {isa = PBXFileReference; lastKnownFileType = sourcecode.c.h; path = AddViewController.h; sourceTree = "<group>"; };
		EA2031C525E8F2E90067EB5D /* AddViewController.m */ = {isa = PBXFileReference; lastKnownFileType = sourcecode.c.objc; path = AddViewController.m; sourceTree = "<group>"; };
		EA2E707925EC967D00765F9A /* DetailsOfCellViewController.h */ = {isa = PBXFileReference; lastKnownFileType = sourcecode.c.h; path = DetailsOfCellViewController.h; sourceTree = "<group>"; };
		EA2E707A25EC967D00765F9A /* DetailsOfCellViewController.m */ = {isa = PBXFileReference; lastKnownFileType = sourcecode.c.objc; path = DetailsOfCellViewController.m; sourceTree = "<group>"; };
		EA2E707D25EC9A1500765F9A /* EditCellViewController.h */ = {isa = PBXFileReference; lastKnownFileType = sourcecode.c.h; path = EditCellViewController.h; sourceTree = "<group>"; };
		EA2E707E25EC9A1500765F9A /* EditCellViewController.m */ = {isa = PBXFileReference; lastKnownFileType = sourcecode.c.objc; path = EditCellViewController.m; sourceTree = "<group>"; };
		EA90C8E825F328B0009E16C8 /* TabBarViewController.h */ = {isa = PBXFileReference; lastKnownFileType = sourcecode.c.h; path = TabBarViewController.h; sourceTree = "<group>"; };
		EA90C8E925F328B0009E16C8 /* TabBarViewController.m */ = {isa = PBXFileReference; lastKnownFileType = sourcecode.c.objc; path = TabBarViewController.m; sourceTree = "<group>"; };
		EA9675F125EA335100FE3AB4 /* ReminderViewController.h */ = {isa = PBXFileReference; lastKnownFileType = sourcecode.c.h; path = ReminderViewController.h; sourceTree = "<group>"; };
		EA9675F225EA335100FE3AB4 /* ReminderViewController.m */ = {isa = PBXFileReference; lastKnownFileType = sourcecode.c.objc; path = ReminderViewController.m; sourceTree = "<group>"; };
		EAB313AD25EB533200120DC1 /* myReminderProtocol.h */ = {isa = PBXFileReference; lastKnownFileType = sourcecode.c.h; path = myReminderProtocol.h; sourceTree = "<group>"; };
		EAB313AF25EB945600120DC1 /* MyArraiesProtocol.h */ = {isa = PBXFileReference; lastKnownFileType = sourcecode.c.h; path = MyArraiesProtocol.h; sourceTree = "<group>"; };
/* End PBXFileReference section */

/* Begin PBXFrameworksBuildPhase section */
		EA20319325E8B0020067EB5D /* Frameworks */ = {
			isa = PBXFrameworksBuildPhase;
			buildActionMask = 2147483647;
			files = (
			);
			runOnlyForDeploymentPostprocessing = 0;
		};
/* End PBXFrameworksBuildPhase section */

/* Begin PBXGroup section */
		EA20318D25E8B0020067EB5D = {
			isa = PBXGroup;
			children = (
				EA20319825E8B0020067EB5D /* ToDo List App */,
				EA20319725E8B0020067EB5D /* Products */,
			);
			sourceTree = "<group>";
		};
		EA20319725E8B0020067EB5D /* Products */ = {
			isa = PBXGroup;
			children = (
				EA20319625E8B0020067EB5D /* ToDo List App.app */,
			);
			name = Products;
			sourceTree = "<group>";
		};
		EA20319825E8B0020067EB5D /* ToDo List App */ = {
			isa = PBXGroup;
			children = (
				EA20319925E8B0020067EB5D /* AppDelegate.h */,
				EA20319A25E8B0020067EB5D /* AppDelegate.m */,
				EA20319C25E8B0020067EB5D /* SceneDelegate.h */,
				EA20319D25E8B0020067EB5D /* SceneDelegate.m */,
				EA2031A225E8B0020067EB5D /* Main.storyboard */,
				EA2031A525E8B0030067EB5D /* Assets.xcassets */,
				EA2031A725E8B0030067EB5D /* LaunchScreen.storyboard */,
				EA2031AA25E8B0030067EB5D /* Info.plist */,
				EA2031AB25E8B0030067EB5D /* main.m */,
				EA2031B325E8CBF30067EB5D /* ToDoViewController.h */,
				EA2031B425E8CBF30067EB5D /* ToDoViewController.m */,
				EA2031B725E8CC080067EB5D /* InProgressViewController.h */,
				EA2031B825E8CC080067EB5D /* InProgressViewController.m */,
				EA2031BB25E8CC130067EB5D /* DoneViewController.h */,
				EA2031BC25E8CC130067EB5D /* DoneViewController.m */,
				EA2031C025E8E4BB0067EB5D /* CustomCellTableViewCell.h */,
				EA2031C125E8E4BB0067EB5D /* CustomCellTableViewCell.m */,
				EA2031C425E8F2E90067EB5D /* AddViewController.h */,
				EA2031C525E8F2E90067EB5D /* AddViewController.m */,
				EA9675F125EA335100FE3AB4 /* ReminderViewController.h */,
				EA9675F225EA335100FE3AB4 /* ReminderViewController.m */,
				EAB313AD25EB533200120DC1 /* myReminderProtocol.h */,
				EAB313AF25EB945600120DC1 /* MyArraiesProtocol.h */,
				EA2E707925EC967D00765F9A /* DetailsOfCellViewController.h */,
				EA2E707A25EC967D00765F9A /* DetailsOfCellViewController.m */,
				EA2E707D25EC9A1500765F9A /* EditCellViewController.h */,
				EA2E707E25EC9A1500765F9A /* EditCellViewController.m */,
				EA90C8E825F328B0009E16C8 /* TabBarViewController.h */,
				EA90C8E925F328B0009E16C8 /* TabBarViewController.m */,
			);
			path = "ToDo List App";
			sourceTree = "<group>";
		};
/* End PBXGroup section */

/* Begin PBXNativeTarget section */
		EA20319525E8B0020067EB5D /* ToDo List App */ = {
			isa = PBXNativeTarget;
			buildConfigurationList = EA2031AF25E8B0030067EB5D /* Build configuration list for PBXNativeTarget "ToDo List App" */;
			buildPhases = (
				EA20319225E8B0020067EB5D /* Sources */,
				EA20319325E8B0020067EB5D /* Frameworks */,
				EA20319425E8B0020067EB5D /* Resources */,
			);
			buildRules = (
			);
			dependencies = (
			);
			name = "ToDo List App";
			productName = "ToDo List App";
			productReference = EA20319625E8B0020067EB5D /* ToDo List App.app */;
			productType = "com.apple.product-type.application";
		};
/* End PBXNativeTarget section */

/* Begin PBXProject section */
		EA20318E25E8B0020067EB5D /* Project object */ = {
			isa = PBXProject;
			attributes = {
				LastUpgradeCheck = 1230;
				TargetAttributes = {
					EA20319525E8B0020067EB5D = {
						CreatedOnToolsVersion = 12.3;
					};
				};
			};
			buildConfigurationList = EA20319125E8B0020067EB5D /* Build configuration list for PBXProject "ToDo List App" */;
			compatibilityVersion = "Xcode 9.3";
			developmentRegion = en;
			hasScannedForEncodings = 0;
			knownRegions = (
				en,
				Base,
			);
			mainGroup = EA20318D25E8B0020067EB5D;
			productRefGroup = EA20319725E8B0020067EB5D /* Products */;
			projectDirPath = "";
			projectRoot = "";
			targets = (
				EA20319525E8B0020067EB5D /* ToDo List App */,
			);
		};
/* End PBXProject section */

/* Begin PBXResourcesBuildPhase section */
		EA20319425E8B0020067EB5D /* Resources */ = {
			isa = PBXResourcesBuildPhase;
			buildActionMask = 2147483647;
			files = (
				EA2031A925E8B0030067EB5D /* LaunchScreen.storyboard in Resources */,
				EA2031A625E8B0030067EB5D /* Assets.xcassets in Resources */,
				EA2031A425E8B0020067EB5D /* Main.storyboard in Resources */,
			);
			runOnlyForDeploymentPostprocessing = 0;
		};
/* End PBXResourcesBuildPhase section */

/* Begin PBXSourcesBuildPhase section */
		EA20319225E8B0020067EB5D /* Sources */ = {
			isa = PBXSourcesBuildPhase;
			buildActionMask = 2147483647;
			files = (
				EA2031BD25E8CC130067EB5D /* DoneViewController.m in Sources */,
				EA20319B25E8B0020067EB5D /* AppDelegate.m in Sources */,
				EA2E707F25EC9A1500765F9A /* EditCellViewController.m in Sources */,
				EA2031B925E8CC080067EB5D /* InProgressViewController.m in Sources */,
				EA90C8EA25F328B0009E16C8 /* TabBarViewController.m in Sources */,
				EA2031B525E8CBF30067EB5D /* ToDoViewController.m in Sources */,
				EA2E707B25EC967D00765F9A /* DetailsOfCellViewController.m in Sources */,
				EA2031AC25E8B0030067EB5D /* main.m in Sources */,
				EA20319E25E8B0020067EB5D /* SceneDelegate.m in Sources */,
				EA2031C625E8F2E90067EB5D /* AddViewController.m in Sources */,
				EA2031C225E8E4BB0067EB5D /* CustomCellTableViewCell.m in Sources */,
				EA9675F325EA335100FE3AB4 /* ReminderViewController.m in Sources */,
			);
			runOnlyForDeploymentPostprocessing = 0;
		};
/* End PBXSourcesBuildPhase section */

/* Begin PBXVariantGroup section */
		EA2031A225E8B0020067EB5D /* Main.storyboard */ = {
			isa = PBXVariantGroup;
			children = (
				EA2031A325E8B0020067EB5D /* Base */,
			);
			name = Main.storyboard;
			sourceTree = "<group>";
		};
		EA2031A725E8B0030067EB5D /* LaunchScreen.storyboard */ = {
			isa = PBXVariantGroup;
			children = (
				EA2031A825E8B0030067EB5D /* Base */,
			);
			name = LaunchScreen.storyboard;
			sourceTree = "<group>";
		};
/* End PBXVariantGroup section */

/* Begin XCBuildConfiguration section */
		EA2031AD25E8B0030067EB5D /* Debug */ = {
			isa = XCBuildConfiguration;
			buildSettings = {
				ALWAYS_SEARCH_USER_PATHS = NO;
				CLANG_ANALYZER_NONNULL = YES;
				CLANG_ANALYZER_NUMBER_OBJECT_CONVERSION = YES_AGGRESSIVE;
				CLANG_CXX_LANGUAGE_STANDARD = "gnu++14";
				CLANG_CXX_LIBRARY = "libc++";
				CLANG_ENABLE_MODULES = YES;
				CLANG_ENABLE_OBJC_ARC = YES;
				CLANG_ENABLE_OBJC_WEAK = YES;
				CLANG_WARN_BLOCK_CAPTURE_AUTORELEASING = YES;
				CLANG_WARN_BOOL_CONVERSION = YES;
				CLANG_WARN_COMMA = YES;
				CLANG_WARN_CONSTANT_CONVERSION = YES;
				CLANG_WARN_DEPRECATED_OBJC_IMPLEMENTATIONS = YES;
				CLANG_WARN_DIRECT_OBJC_ISA_USAGE = YES_ERROR;
				CLANG_WARN_DOCUMENTATION_COMMENTS = YES;
				CLANG_WARN_EMPTY_BODY = YES;
				CLANG_WARN_ENUM_CONVERSION = YES;
				CLANG_WARN_INFINITE_RECURSION = YES;
				CLANG_WARN_INT_CONVERSION = YES;
				CLANG_WARN_NON_LITERAL_NULL_CONVERSION = YES;
				CLANG_WARN_OBJC_IMPLICIT_RETAIN_SELF = YES;
				CLANG_WARN_OBJC_LITERAL_CONVERSION = YES;
				CLANG_WARN_OBJC_ROOT_CLASS = YES_ERROR;
				CLANG_WARN_QUOTED_INCLUDE_IN_FRAMEWORK_HEADER = YES;
				CLANG_WARN_RANGE_LOOP_ANALYSIS = YES;
				CLANG_WARN_STRICT_PROTOTYPES = YES;
				CLANG_WARN_SUSPICIOUS_MOVE = YES;
				CLANG_WARN_UNGUARDED_AVAILABILITY = YES_AGGRESSIVE;
				CLANG_WARN_UNREACHABLE_CODE = YES;
				CLANG_WARN__DUPLICATE_METHOD_MATCH = YES;
				COPY_PHASE_STRIP = NO;
				DEBUG_INFORMATION_FORMAT = dwarf;
				ENABLE_STRICT_OBJC_MSGSEND = YES;
				ENABLE_TESTABILITY = YES;
				GCC_C_LANGUAGE_STANDARD = gnu11;
				GCC_DYNAMIC_NO_PIC = NO;
				GCC_NO_COMMON_BLOCKS = YES;
				GCC_OPTIMIZATION_LEVEL = 0;
				GCC_PREPROCESSOR_DEFINITIONS = (
					"DEBUG=1",
					"$(inherited)",
				);
				GCC_WARN_64_TO_32_BIT_CONVERSION = YES;
				GCC_WARN_ABOUT_RETURN_TYPE = YES_ERROR;
				GCC_WARN_UNDECLARED_SELECTOR = YES;
				GCC_WARN_UNINITIALIZED_AUTOS = YES_AGGRESSIVE;
				GCC_WARN_UNUSED_FUNCTION = YES;
				GCC_WARN_UNUSED_VARIABLE = YES;
				IPHONEOS_DEPLOYMENT_TARGET = 14.3;
				MTL_ENABLE_DEBUG_INFO = INCLUDE_SOURCE;
				MTL_FAST_MATH = YES;
				ONLY_ACTIVE_ARCH = YES;
				SDKROOT = iphoneos;
			};
			name = Debug;
		};
		EA2031AE25E8B0030067EB5D /* Release */ = {
			isa = XCBuildConfiguration;
			buildSettings = {
				ALWAYS_SEARCH_USER_PATHS = NO;
				CLANG_ANALYZER_NONNULL = YES;
				CLANG_ANALYZER_NUMBER_OBJECT_CONVERSION = YES_AGGRESSIVE;
				CLANG_CXX_LANGUAGE_STANDARD = "gnu++14";
				CLANG_CXX_LIBRARY = "libc++";
				CLANG_ENABLE_MODULES = YES;
				CLANG_ENABLE_OBJC_ARC = YES;
				CLANG_ENABLE_OBJC_WEAK = YES;
				CLANG_WARN_BLOCK_CAPTURE_AUTORELEASING = YES;
				CLANG_WARN_BOOL_CONVERSION = YES;
				CLANG_WARN_COMMA = YES;
				CLANG_WARN_CONSTANT_CONVERSION = YES;
				CLANG_WARN_DEPRECATED_OBJC_IMPLEMENTATIONS = YES;
				CLANG_WARN_DIRECT_OBJC_ISA_USAGE = YES_ERROR;
				CLANG_WARN_DOCUMENTATION_COMMENTS = YES;
				CLANG_WARN_EMPTY_BODY = YES;
				CLANG_WARN_ENUM_CONVERSION = YES;
				CLANG_WARN_INFINITE_RECURSION = YES;
				CLANG_WARN_INT_CONVERSION = YES;
				CLANG_WARN_NON_LITERAL_NULL_CONVERSION = YES;
				CLANG_WARN_OBJC_IMPLICIT_RETAIN_SELF = YES;
				CLANG_WARN_OBJC_LITERAL_CONVERSION = YES;
				CLANG_WARN_OBJC_ROOT_CLASS = YES_ERROR;
				CLANG_WARN_QUOTED_INCLUDE_IN_FRAMEWORK_HEADER = YES;
				CLANG_WARN_RANGE_LOOP_ANALYSIS = YES;
				CLANG_WARN_STRICT_PROTOTYPES = YES;
				CLANG_WARN_SUSPICIOUS_MOVE = YES;
				CLANG_WARN_UNGUARDED_AVAILABILITY = YES_AGGRESSIVE;
				CLANG_WARN_UNREACHABLE_CODE = YES;
				CLANG_WARN__DUPLICATE_METHOD_MATCH = YES;
				COPY_PHASE_STRIP = NO;
				DEBUG_INFORMATION_FORMAT = "dwarf-with-dsym";
				ENABLE_NS_ASSERTIONS = NO;
				ENABLE_STRICT_OBJC_MSGSEND = YES;
				GCC_C_LANGUAGE_STANDARD = gnu11;
				GCC_NO_COMMON_BLOCKS = YES;
				GCC_WARN_64_TO_32_BIT_CONVERSION = YES;
				GCC_WARN_ABOUT_RETURN_TYPE = YES_ERROR;
				GCC_WARN_UNDECLARED_SELECTOR = YES;
				GCC_WARN_UNINITIALIZED_AUTOS = YES_AGGRESSIVE;
				GCC_WARN_UNUSED_FUNCTION = YES;
				GCC_WARN_UNUSED_VARIABLE = YES;
				IPHONEOS_DEPLOYMENT_TARGET = 14.3;
				MTL_ENABLE_DEBUG_INFO = NO;
				MTL_FAST_MATH = YES;
				SDKROOT = iphoneos;
				VALIDATE_PRODUCT = YES;
			};
			name = Release;
		};
		EA2031B025E8B0030067EB5D /* Debug */ = {
			isa = XCBuildConfiguration;
			buildSettings = {
				ASSETCATALOG_COMPILER_APPICON_NAME = AppIcon;
				ASSETCATALOG_COMPILER_GLOBAL_ACCENT_COLOR_NAME = AccentColor;
				CODE_SIGN_STYLE = Automatic;
				INFOPLIST_FILE = "ToDo List App/Info.plist";
				LD_RUNPATH_SEARCH_PATHS = (
					"$(inherited)",
					"@executable_path/Frameworks",
				);
				PRODUCT_BUNDLE_IDENTIFIER = "ahmedbadry.ToDo-List-App";
				PRODUCT_NAME = "$(TARGET_NAME)";
				TARGETED_DEVICE_FAMILY = "1,2";
			};
			name = Debug;
		};
		EA2031B125E8B0030067EB5D /* Release */ = {
			isa = XCBuildConfiguration;
			buildSettings = {
				ASSETCATALOG_COMPILER_APPICON_NAME = AppIcon;
				ASSETCATALOG_COMPILER_GLOBAL_ACCENT_COLOR_NAME = AccentColor;
				CODE_SIGN_STYLE = Automatic;
				INFOPLIST_FILE = "ToDo List App/Info.plist";
				LD_RUNPATH_SEARCH_PATHS = (
					"$(inherited)",
					"@executable_path/Frameworks",
				);
				PRODUCT_BUNDLE_IDENTIFIER = "ahmedbadry.ToDo-List-App";
				PRODUCT_NAME = "$(TARGET_NAME)";
				TARGETED_DEVICE_FAMILY = "1,2";
			};
			name = Release;
		};
/* End XCBuildConfiguration section */

/* Begin XCConfigurationList section */
		EA20319125E8B0020067EB5D /* Build configuration list for PBXProject "ToDo List App" */ = {
			isa = XCConfigurationList;
			buildConfigurations = (
				EA2031AD25E8B0030067EB5D /* Debug */,
				EA2031AE25E8B0030067EB5D /* Release */,
			);
			defaultConfigurationIsVisible = 0;
			defaultConfigurationName = Release;
		};
		EA2031AF25E8B0030067EB5D /* Build configuration list for PBXNativeTarget "ToDo List App" */ = {
			isa = XCConfigurationList;
			buildConfigurations = (
				EA2031B025E8B0030067EB5D /* Debug */,
				EA2031B125E8B0030067EB5D /* Release */,
			);
			defaultConfigurationIsVisible = 0;
			defaultConfigurationName = Release;
		};
/* End XCConfigurationList section */
	};
	rootObject = EA20318E25E8B0020067EB5D /* Project object */;
}
